
Microsoft Visual Studio Solution File, Format Version 12.00
# Visual Studio Version 17
VisualStudioVersion = 17.2.32516.85
MinimumVisualStudioVersion = 10.0.40219.1
Project("{FAE04EC0-301F-11D3-BF4B-00C04F79EFBC}") = "ConvertAudioToSFM", "ConvertAudioToSFM\ConvertAudioToSFM.csproj", "{BCDB3F4D-8CD3-41B3-82EE-DFA9A6405AAE}"
EndProject
Global
	GlobalSection(SolutionConfigurationPlatforms) = preSolution
		Debug|Any CPU = Debug|Any CPU
		Release|Any CPU = Release|Any CPU
	EndGlobalSection
	GlobalSection(ProjectConfigurationPlatforms) = postSolution
		{BCDB3F4D-8CD3-41B3-82EE-DFA9A6405AAE}.Debug|Any CPU.ActiveCfg = Debug|Any CPU
		{BCDB3F4D-8CD3-41B3-82EE-DFA9A6405AAE}.Debug|Any CPU.Build.0 = Debug|Any CPU
		{BCDB3F4D-8CD3-41B3-82EE-DFA9A6405AAE}.Release|Any CPU.ActiveCfg = Release|Any CPU
		{BCDB3F4D-8CD3-41B3-82EE-DFA9A6405AAE}.Release|Any CPU.Build.0 = Release|Any CPU
	EndGlobalSection
	GlobalSection(SolutionProperties) = preSolution
		HideSolutionNode = FALSE
	EndGlobalSection
	GlobalSection(ExtensibilityGlobals) = postSolution
		SolutionGuid = {C90A0C59-EF77-4A0D-A680-AEEC59B1FCF2}
	EndGlobalSection
EndGlobal
